
Microsoft Visual Studio Solution File, Format Version 12.00
# Visual Studio Version 17
VisualStudioVersion = 17.11.35327.3
MinimumVisualStudioVersion = 10.0.40219.1
Project("{FAE04EC0-301F-11D3-BF4B-00C04F79EFBC}") = "MMHDotNetCore.ConsoleApp", "MMHDotNetCore.ConsoleApp\MMHDotNetCore.ConsoleApp.csproj", "{973B4023-12C4-4306-A7A6-5BD8E496C3BD}"
EndProject
Project("{2150E333-8FDC-42A3-9474-1A3956D46DE8}") = "Documents", "Documents", "{70E526B3-09B0-4B72-9DEF-CF81CBDC5B16}"
	ProjectSection(SolutionItems) = preProject
		README.md = README.md
	EndProjectSection
EndProject
Global
	GlobalSection(SolutionConfigurationPlatforms) = preSolution
		Debug|Any CPU = Debug|Any CPU
		Release|Any CPU = Release|Any CPU
	EndGlobalSection
	GlobalSection(ProjectConfigurationPlatforms) = postSolution
		{973B4023-12C4-4306-A7A6-5BD8E496C3BD}.Debug|Any CPU.ActiveCfg = Debug|Any CPU
		{973B4023-12C4-4306-A7A6-5BD8E496C3BD}.Debug|Any CPU.Build.0 = Debug|Any CPU
		{973B4023-12C4-4306-A7A6-5BD8E496C3BD}.Release|Any CPU.ActiveCfg = Release|Any CPU
		{973B4023-12C4-4306-A7A6-5BD8E496C3BD}.Release|Any CPU.Build.0 = Release|Any CPU
	EndGlobalSection
	GlobalSection(SolutionProperties) = preSolution
		HideSolutionNode = FALSE
	EndGlobalSection
	GlobalSection(ExtensibilityGlobals) = postSolution
		SolutionGuid = {2FEB86EA-A289-45D2-92AF-C136FFC04FBE}
	EndGlobalSection
EndGlobal
